
Microsoft Visual Studio Solution File, Format Version 12.00
# Visual Studio 15
VisualStudioVersion = 15.0.27004.2009
MinimumVisualStudioVersion = 10.0.40219.1
Project("{FAE04EC0-301F-11D3-BF4B-00C04F79EFBC}") = "PAACustomerDBApp", "PAACustomerDBApp\PAACustomerDBApp.csproj", "{201EA5FE-73F0-4357-AA4D-632F31C95BB5}"
EndProject
Global
	GlobalSection(SolutionConfigurationPlatforms) = preSolution
		Debug|Any CPU = Debug|Any CPU
		Release|Any CPU = Release|Any CPU
	EndGlobalSection
	GlobalSection(ProjectConfigurationPlatforms) = postSolution
		{201EA5FE-73F0-4357-AA4D-632F31C95BB5}.Debug|Any CPU.ActiveCfg = Debug|Any CPU
		{201EA5FE-73F0-4357-AA4D-632F31C95BB5}.Debug|Any CPU.Build.0 = Debug|Any CPU
		{201EA5FE-73F0-4357-AA4D-632F31C95BB5}.Release|Any CPU.ActiveCfg = Release|Any CPU
		{201EA5FE-73F0-4357-AA4D-632F31C95BB5}.Release|Any CPU.Build.0 = Release|Any CPU
	EndGlobalSection
	GlobalSection(SolutionProperties) = preSolution
		HideSolutionNode = FALSE
	EndGlobalSection
	GlobalSection(ExtensibilityGlobals) = postSolution
		SolutionGuid = {108B485B-6880-48B9-A816-5DED39BB3239}
	EndGlobalSection
EndGlobal
